
Microsoft Visual Studio Solution File, Format Version 12.00
# Visual Studio Version 17
VisualStudioVersion = 17.5.33502.453
MinimumVisualStudioVersion = 10.0.40219.1
Project("{FAE04EC0-301F-11D3-BF4B-00C04F79EFBC}") = "HomeWork2", "HomeWork2.csproj", "{84375EB2-F285-43BD-8E04-6756DD2AB653}"
EndProject
Global
	GlobalSection(SolutionConfigurationPlatforms) = preSolution
		Debug|Any CPU = Debug|Any CPU
		Release|Any CPU = Release|Any CPU
	EndGlobalSection
	GlobalSection(ProjectConfigurationPlatforms) = postSolution
		{84375EB2-F285-43BD-8E04-6756DD2AB653}.Debug|Any CPU.ActiveCfg = Debug|Any CPU
		{84375EB2-F285-43BD-8E04-6756DD2AB653}.Debug|Any CPU.Build.0 = Debug|Any CPU
		{84375EB2-F285-43BD-8E04-6756DD2AB653}.Release|Any CPU.ActiveCfg = Release|Any CPU
		{84375EB2-F285-43BD-8E04-6756DD2AB653}.Release|Any CPU.Build.0 = Release|Any CPU
	EndGlobalSection
	GlobalSection(SolutionProperties) = preSolution
		HideSolutionNode = FALSE
	EndGlobalSection
	GlobalSection(ExtensibilityGlobals) = postSolution
		SolutionGuid = {6ACEB100-83BC-424B-A533-805F8E5C8178}
	EndGlobalSection
EndGlobal
