
Microsoft Visual Studio Solution File, Format Version 12.00
# Visual Studio Version 16
VisualStudioVersion = 16.0.31424.327
MinimumVisualStudioVersion = 10.0.40219.1
Project("{FAE04EC0-301F-11D3-BF4B-00C04F79EFBC}") = "web1", "web1\web1.csproj", "{2B848D8E-18C0-4496-9D18-83224AF055C2}"
EndProject
Global
	GlobalSection(SolutionConfigurationPlatforms) = preSolution
		Debug|Any CPU = Debug|Any CPU
		Release|Any CPU = Release|Any CPU
	EndGlobalSection
	GlobalSection(ProjectConfigurationPlatforms) = postSolution
		{2B848D8E-18C0-4496-9D18-83224AF055C2}.Debug|Any CPU.ActiveCfg = Debug|Any CPU
		{2B848D8E-18C0-4496-9D18-83224AF055C2}.Debug|Any CPU.Build.0 = Debug|Any CPU
		{2B848D8E-18C0-4496-9D18-83224AF055C2}.Release|Any CPU.ActiveCfg = Release|Any CPU
		{2B848D8E-18C0-4496-9D18-83224AF055C2}.Release|Any CPU.Build.0 = Release|Any CPU
	EndGlobalSection
	GlobalSection(SolutionProperties) = preSolution
		HideSolutionNode = FALSE
	EndGlobalSection
	GlobalSection(ExtensibilityGlobals) = postSolution
		SolutionGuid = {3306A4B6-E33E-4250-A787-6B4F8D17C021}
	EndGlobalSection
EndGlobal
