
Microsoft Visual Studio Solution File, Format Version 12.00
# Visual Studio Version 17
VisualStudioVersion = 17.5.33502.453
MinimumVisualStudioVersion = 10.0.40219.1
Project("{FAE04EC0-301F-11D3-BF4B-00C04F79EFBC}") = "Homework 5", "Homework 5.csproj", "{B4AA4D15-3FBE-4822-9763-D87A9E71FEBF}"
EndProject
Global
	GlobalSection(SolutionConfigurationPlatforms) = preSolution
		Debug|Any CPU = Debug|Any CPU
		Release|Any CPU = Release|Any CPU
	EndGlobalSection
	GlobalSection(ProjectConfigurationPlatforms) = postSolution
		{B4AA4D15-3FBE-4822-9763-D87A9E71FEBF}.Debug|Any CPU.ActiveCfg = Debug|Any CPU
		{B4AA4D15-3FBE-4822-9763-D87A9E71FEBF}.Debug|Any CPU.Build.0 = Debug|Any CPU
		{B4AA4D15-3FBE-4822-9763-D87A9E71FEBF}.Release|Any CPU.ActiveCfg = Release|Any CPU
		{B4AA4D15-3FBE-4822-9763-D87A9E71FEBF}.Release|Any CPU.Build.0 = Release|Any CPU
	EndGlobalSection
	GlobalSection(SolutionProperties) = preSolution
		HideSolutionNode = FALSE
	EndGlobalSection
	GlobalSection(ExtensibilityGlobals) = postSolution
		SolutionGuid = {46088A24-6D56-496B-8049-D0A6FB6D2F19}
	EndGlobalSection
EndGlobal
